
Microsoft Visual Studio Solution File, Format Version 12.00
# Visual Studio Version 16
VisualStudioVersion = 16.0.28803.156
MinimumVisualStudioVersion = 10.0.40219.1
Project("{2150E333-8FDC-42A3-9474-1A3956D46DE8}") = "Clients", "Clients", "{9BFEC584-E69A-49FA-B21A-BC15987492C2}"
EndProject
Project("{2150E333-8FDC-42A3-9474-1A3956D46DE8}") = "Formats", "Formats", "{00A0CAC8-968E-49E6-B40C-49F778335DF6}"
EndProject
Project("{2150E333-8FDC-42A3-9474-1A3956D46DE8}") = "NativeWrappers", "NativeWrappers", "{CBCD4AEE-102F-45AF-A682-5531F2B76F0E}"
EndProject
Project("{FAE04EC0-301F-11D3-BF4B-00C04F79EFBC}") = "theori-Win32", "Clients\theori-Win32\theori-Win32.csproj", "{DB6FC625-F3D4-46C3-8E89-13B957009AAA}"
EndProject
Project("{FAE04EC0-301F-11D3-BF4B-00C04F79EFBC}") = "SDL2-CS", "NativeWrappers\SDL2#\SDL2-CS.csproj", "{85480198-8711-4355-830E-72FD794AD3F6}"
EndProject
Project("{FAE04EC0-301F-11D3-BF4B-00C04F79EFBC}") = "NaGL", "NativeWrappers\NaGL\NaGL.csproj", "{DBD0F498-06D6-4D51-89A4-0210E4C098E1}"
EndProject
Project("{FAE04EC0-301F-11D3-BF4B-00C04F79EFBC}") = "ChartData", "Formats\ChartData\ChartData.csproj", "{C113C0A4-990B-4DE6-863C-D2518DED3D13}"
EndProject
Project("{FAE04EC0-301F-11D3-BF4B-00C04F79EFBC}") = "music-theori", "music-theori\music-theori.csproj", "{E9035138-C9C8-4ABA-861E-98C7E65E739D}"
EndProject
Project("{2150E333-8FDC-42A3-9474-1A3956D46DE8}") = "Libraries", "Libraries", "{83D76CE1-55A1-4C06-A131-3E590321F1A6}"
EndProject
Project("{FAE04EC0-301F-11D3-BF4B-00C04F79EFBC}") = "System-Additions", "Libraries\System-Additions\System-Additions.csproj", "{CFBACB82-087E-4ED3-A496-55F420880D82}"
EndProject
Project("{2150E333-8FDC-42A3-9474-1A3956D46DE8}") = "GameModes", "GameModes", "{0CBB7510-357B-4D13-8E84-B9E629C38473}"
EndProject
Project("{FAE04EC0-301F-11D3-BF4B-00C04F79EFBC}") = "NeuroSonic", "GameModes\NeuroSonic\NeuroSonic.csproj", "{56C07185-659E-4D92-BF9A-902B9BC5BB7F}"
EndProject
Global
	GlobalSection(SolutionConfigurationPlatforms) = preSolution
		Debug|Any CPU = Debug|Any CPU
		Debug|x64 = Debug|x64
		Debug|x86 = Debug|x86
		Release|Any CPU = Release|Any CPU
		Release|x64 = Release|x64
		Release|x86 = Release|x86
	EndGlobalSection
	GlobalSection(ProjectConfigurationPlatforms) = postSolution
		{DB6FC625-F3D4-46C3-8E89-13B957009AAA}.Debug|Any CPU.ActiveCfg = Debug|Any CPU
		{DB6FC625-F3D4-46C3-8E89-13B957009AAA}.Debug|Any CPU.Build.0 = Debug|Any CPU
		{DB6FC625-F3D4-46C3-8E89-13B957009AAA}.Debug|x64.ActiveCfg = Debug|x64
		{DB6FC625-F3D4-46C3-8E89-13B957009AAA}.Debug|x64.Build.0 = Debug|x64
		{DB6FC625-F3D4-46C3-8E89-13B957009AAA}.Debug|x86.ActiveCfg = Debug|x86
		{DB6FC625-F3D4-46C3-8E89-13B957009AAA}.Debug|x86.Build.0 = Debug|x86
		{DB6FC625-F3D4-46C3-8E89-13B957009AAA}.Release|Any CPU.ActiveCfg = Release|Any CPU
		{DB6FC625-F3D4-46C3-8E89-13B957009AAA}.Release|Any CPU.Build.0 = Release|Any CPU
		{DB6FC625-F3D4-46C3-8E89-13B957009AAA}.Release|x64.ActiveCfg = Release|x64
		{DB6FC625-F3D4-46C3-8E89-13B957009AAA}.Release|x64.Build.0 = Release|x64
		{DB6FC625-F3D4-46C3-8E89-13B957009AAA}.Release|x86.ActiveCfg = Release|x86
		{DB6FC625-F3D4-46C3-8E89-13B957009AAA}.Release|x86.Build.0 = Release|x86
		{85480198-8711-4355-830E-72FD794AD3F6}.Debug|Any CPU.ActiveCfg = Debug|Any CPU
		{85480198-8711-4355-830E-72FD794AD3F6}.Debug|Any CPU.Build.0 = Debug|Any CPU
		{85480198-8711-4355-830E-72FD794AD3F6}.Debug|x64.ActiveCfg = Debug|x64
		{85480198-8711-4355-830E-72FD794AD3F6}.Debug|x64.Build.0 = Debug|x64
		{85480198-8711-4355-830E-72FD794AD3F6}.Debug|x86.ActiveCfg = Debug|x86
		{85480198-8711-4355-830E-72FD794AD3F6}.Debug|x86.Build.0 = Debug|x86
		{85480198-8711-4355-830E-72FD794AD3F6}.Release|Any CPU.ActiveCfg = Release|Any CPU
		{85480198-8711-4355-830E-72FD794AD3F6}.Release|Any CPU.Build.0 = Release|Any CPU
		{85480198-8711-4355-830E-72FD794AD3F6}.Release|x64.ActiveCfg = Release|x64
		{85480198-8711-4355-830E-72FD794AD3F6}.Release|x64.Build.0 = Release|x64
		{85480198-8711-4355-830E-72FD794AD3F6}.Release|x86.ActiveCfg = Release|x86
		{85480198-8711-4355-830E-72FD794AD3F6}.Release|x86.Build.0 = Release|x86
		{DBD0F498-06D6-4D51-89A4-0210E4C098E1}.Debug|Any CPU.ActiveCfg = Debug|Any CPU
		{DBD0F498-06D6-4D51-89A4-0210E4C098E1}.Debug|Any CPU.Build.0 = Debug|Any CPU
		{DBD0F498-06D6-4D51-89A4-0210E4C098E1}.Debug|x64.ActiveCfg = Debug|x64
		{DBD0F498-06D6-4D51-89A4-0210E4C098E1}.Debug|x64.Build.0 = Debug|x64
		{DBD0F498-06D6-4D51-89A4-0210E4C098E1}.Debug|x86.ActiveCfg = Debug|x86
		{DBD0F498-06D6-4D51-89A4-0210E4C098E1}.Debug|x86.Build.0 = Debug|x86
		{DBD0F498-06D6-4D51-89A4-0210E4C098E1}.Release|Any CPU.ActiveCfg = Release|Any CPU
		{DBD0F498-06D6-4D51-89A4-0210E4C098E1}.Release|Any CPU.Build.0 = Release|Any CPU
		{DBD0F498-06D6-4D51-89A4-0210E4C098E1}.Release|x64.ActiveCfg = Release|x64
		{DBD0F498-06D6-4D51-89A4-0210E4C098E1}.Release|x64.Build.0 = Release|x64
		{DBD0F498-06D6-4D51-89A4-0210E4C098E1}.Release|x86.ActiveCfg = Release|x86
		{DBD0F498-06D6-4D51-89A4-0210E4C098E1}.Release|x86.Build.0 = Release|x86
		{C113C0A4-990B-4DE6-863C-D2518DED3D13}.Debug|Any CPU.ActiveCfg = Debug|Any CPU
		{C113C0A4-990B-4DE6-863C-D2518DED3D13}.Debug|Any CPU.Build.0 = Debug|Any CPU
		{C113C0A4-990B-4DE6-863C-D2518DED3D13}.Debug|x64.ActiveCfg = Debug|Any CPU
		{C113C0A4-990B-4DE6-863C-D2518DED3D13}.Debug|x64.Build.0 = Debug|Any CPU
		{C113C0A4-990B-4DE6-863C-D2518DED3D13}.Debug|x86.ActiveCfg = Debug|Any CPU
		{C113C0A4-990B-4DE6-863C-D2518DED3D13}.Debug|x86.Build.0 = Debug|Any CPU
		{C113C0A4-990B-4DE6-863C-D2518DED3D13}.Release|Any CPU.ActiveCfg = Release|Any CPU
		{C113C0A4-990B-4DE6-863C-D2518DED3D13}.Release|Any CPU.Build.0 = Release|Any CPU
		{C113C0A4-990B-4DE6-863C-D2518DED3D13}.Release|x64.ActiveCfg = Release|Any CPU
		{C113C0A4-990B-4DE6-863C-D2518DED3D13}.Release|x64.Build.0 = Release|Any CPU
		{C113C0A4-990B-4DE6-863C-D2518DED3D13}.Release|x86.ActiveCfg = Release|Any CPU
		{C113C0A4-990B-4DE6-863C-D2518DED3D13}.Release|x86.Build.0 = Release|Any CPU
		{E9035138-C9C8-4ABA-861E-98C7E65E739D}.Debug|Any CPU.ActiveCfg = Debug|Any CPU
		{E9035138-C9C8-4ABA-861E-98C7E65E739D}.Debug|Any CPU.Build.0 = Debug|Any CPU
		{E9035138-C9C8-4ABA-861E-98C7E65E739D}.Debug|x64.ActiveCfg = Debug|x64
		{E9035138-C9C8-4ABA-861E-98C7E65E739D}.Debug|x64.Build.0 = Debug|x64
		{E9035138-C9C8-4ABA-861E-98C7E65E739D}.Debug|x86.ActiveCfg = Debug|x86
		{E9035138-C9C8-4ABA-861E-98C7E65E739D}.Debug|x86.Build.0 = Debug|x86
		{E9035138-C9C8-4ABA-861E-98C7E65E739D}.Release|Any CPU.ActiveCfg = Release|Any CPU
		{E9035138-C9C8-4ABA-861E-98C7E65E739D}.Release|Any CPU.Build.0 = Release|Any CPU
		{E9035138-C9C8-4ABA-861E-98C7E65E739D}.Release|x64.ActiveCfg = Release|Any CPU
		{E9035138-C9C8-4ABA-861E-98C7E65E739D}.Release|x64.Build.0 = Release|Any CPU
		{E9035138-C9C8-4ABA-861E-98C7E65E739D}.Release|x86.ActiveCfg = Release|Any CPU
		{E9035138-C9C8-4ABA-861E-98C7E65E739D}.Release|x86.Build.0 = Release|Any CPU
		{CFBACB82-087E-4ED3-A496-55F420880D82}.Debug|Any CPU.ActiveCfg = Debug|Any CPU
		{CFBACB82-087E-4ED3-A496-55F420880D82}.Debug|Any CPU.Build.0 = Debug|Any CPU
		{CFBACB82-087E-4ED3-A496-55F420880D82}.Debug|x64.ActiveCfg = Debug|x64
		{CFBACB82-087E-4ED3-A496-55F420880D82}.Debug|x64.Build.0 = Debug|x64
		{CFBACB82-087E-4ED3-A496-55F420880D82}.Debug|x86.ActiveCfg = Debug|x86
		{CFBACB82-087E-4ED3-A496-55F420880D82}.Debug|x86.Build.0 = Debug|x86
		{CFBACB82-087E-4ED3-A496-55F420880D82}.Release|Any CPU.ActiveCfg = Release|Any CPU
		{CFBACB82-087E-4ED3-A496-55F420880D82}.Release|Any CPU.Build.0 = Release|Any CPU
		{CFBACB82-087E-4ED3-A496-55F420880D82}.Release|x64.ActiveCfg = Release|Any CPU
		{CFBACB82-087E-4ED3-A496-55F420880D82}.Release|x64.Build.0 = Release|Any CPU
		{CFBACB82-087E-4ED3-A496-55F420880D82}.Release|x86.ActiveCfg = Release|Any CPU
		{CFBACB82-087E-4ED3-A496-55F420880D82}.Release|x86.Build.0 = Release|Any CPU
		{56C07185-659E-4D92-BF9A-902B9BC5BB7F}.Debug|Any CPU.ActiveCfg = Debug|Any CPU
		{56C07185-659E-4D92-BF9A-902B9BC5BB7F}.Debug|Any CPU.Build.0 = Debug|Any CPU
		{56C07185-659E-4D92-BF9A-902B9BC5BB7F}.Debug|x64.ActiveCfg = Debug|Any CPU
		{56C07185-659E-4D92-BF9A-902B9BC5BB7F}.Debug|x64.Build.0 = Debug|Any CPU
		{56C07185-659E-4D92-BF9A-902B9BC5BB7F}.Debug|x86.ActiveCfg = Debug|Any CPU
		{56C07185-659E-4D92-BF9A-902B9BC5BB7F}.Debug|x86.Build.0 = Debug|Any CPU
		{56C07185-659E-4D92-BF9A-902B9BC5BB7F}.Release|Any CPU.ActiveCfg = Release|Any CPU
		{56C07185-659E-4D92-BF9A-902B9BC5BB7F}.Release|Any CPU.Build.0 = Release|Any CPU
		{56C07185-659E-4D92-BF9A-902B9BC5BB7F}.Release|x64.ActiveCfg = Release|Any CPU
		{56C07185-659E-4D92-BF9A-902B9BC5BB7F}.Release|x64.Build.0 = Release|Any CPU
		{56C07185-659E-4D92-BF9A-902B9BC5BB7F}.Release|x86.ActiveCfg = Release|Any CPU
		{56C07185-659E-4D92-BF9A-902B9BC5BB7F}.Release|x86.Build.0 = Release|Any CPU
	EndGlobalSection
	GlobalSection(SolutionProperties) = preSolution
		HideSolutionNode = FALSE
	EndGlobalSection
	GlobalSection(NestedProjects) = preSolution
		{DB6FC625-F3D4-46C3-8E89-13B957009AAA} = {9BFEC584-E69A-49FA-B21A-BC15987492C2}
		{85480198-8711-4355-830E-72FD794AD3F6} = {CBCD4AEE-102F-45AF-A682-5531F2B76F0E}
		{DBD0F498-06D6-4D51-89A4-0210E4C098E1} = {CBCD4AEE-102F-45AF-A682-5531F2B76F0E}
		{C113C0A4-990B-4DE6-863C-D2518DED3D13} = {00A0CAC8-968E-49E6-B40C-49F778335DF6}
		{CFBACB82-087E-4ED3-A496-55F420880D82} = {83D76CE1-55A1-4C06-A131-3E590321F1A6}
		{56C07185-659E-4D92-BF9A-902B9BC5BB7F} = {0CBB7510-357B-4D13-8E84-B9E629C38473}
	EndGlobalSection
	GlobalSection(ExtensibilityGlobals) = postSolution
		SolutionGuid = {49C3A38A-D0A2-42AE-AFD8-4192D76826B7}
	EndGlobalSection
EndGlobal
