
Microsoft Visual Studio Solution File, Format Version 12.00
# Visual Studio 15
VisualStudioVersion = 15.0.27428.2037
MinimumVisualStudioVersion = 10.0.40219.1
Project("{2150E333-8FDC-42A3-9474-1A3956D46DE8}") = "Clients", "Clients", "{9BFEC584-E69A-49FA-B21A-BC15987492C2}"
EndProject
Project("{2150E333-8FDC-42A3-9474-1A3956D46DE8}") = "Frameworks", "Frameworks", "{DAC3044E-5AD7-4E15-8DE9-AE8026DA8ED0}"
EndProject
Project("{2150E333-8FDC-42A3-9474-1A3956D46DE8}") = "Formats", "Formats", "{00A0CAC8-968E-49E6-B40C-49F778335DF6}"
EndProject
Project("{FAE04EC0-301F-11D3-BF4B-00C04F79EFBC}") = "OpenRM.Chart", "Formats\OpenRM.Chart\OpenRM.Chart.csproj", "{C113C0A4-990B-4DE6-863C-D2518DED3D13}"
EndProject
Project("{FAE04EC0-301F-11D3-BF4B-00C04F79EFBC}") = "KShootMania.Chart", "Formats\KShootMania.Chart\KShootMania.Chart.csproj", "{7AAA44D8-B107-4D92-9F06-614942D63BF1}"
EndProject
Project("{2150E333-8FDC-42A3-9474-1A3956D46DE8}") = "Utils", "Utils", "{DDA5FBEB-8E6E-4B05-9C90-8B6468D8B89B}"
EndProject
Project("{FAE04EC0-301F-11D3-BF4B-00C04F79EFBC}") = "OpenRM.Chart.Voltex", "Formats\OpenRM.Chart.Voltex\OpenRM.Chart.Voltex.csproj", "{C0A9333F-EE94-4CFD-9633-CE2A631058B0}"
EndProject
Project("{2150E333-8FDC-42A3-9474-1A3956D46DE8}") = "NativeWrappers", "NativeWrappers", "{CBCD4AEE-102F-45AF-A682-5531F2B76F0E}"
EndProject
Project("{2150E333-8FDC-42A3-9474-1A3956D46DE8}") = "BackEnds", "BackEnds", "{29FE41F2-1026-4079-B65D-D7107498B45C}"
EndProject
Project("{FAE04EC0-301F-11D3-BF4B-00C04F79EFBC}") = "theori-Core", "BackEnds\theori-Core\theori-Core.csproj", "{280D88D1-6E6F-49F1-BF69-497E5FEFA220}"
EndProject
Project("{FAE04EC0-301F-11D3-BF4B-00C04F79EFBC}") = "theori-Win32", "Clients\theori-Win32\theori-Win32.csproj", "{DB6FC625-F3D4-46C3-8E89-13B957009AAA}"
EndProject
Project("{FAE04EC0-301F-11D3-BF4B-00C04F79EFBC}") = "OpenRM.Convert.Ksh2Voltex", "Formats\OpenRM.Convert.Ksh2Voltex\OpenRM.Convert.Ksh2Voltex.csproj", "{B08A0842-FEC7-4A0B-A09D-DDC7A1D11305}"
EndProject
Project("{FAE04EC0-301F-11D3-BF4B-00C04F79EFBC}") = "OpenRM.Audio", "Formats\OpenRM.Audio\OpenRM.Audio.csproj", "{5F953552-2C86-403F-AE3D-BA7D2BC2C81A}"
EndProject
Project("{FAE04EC0-301F-11D3-BF4B-00C04F79EFBC}") = "SystemPlus", "Utils\SystemPlus\SystemPlus.csproj", "{FCD58F40-266A-485E-A2C2-6108398DA395}"
EndProject
Project("{FAE04EC0-301F-11D3-BF4B-00C04F79EFBC}") = "SDL2-CS", "NativeWrappers\SDL2#\SDL2-CS.csproj", "{85480198-8711-4355-830E-72FD794AD3F6}"
EndProject
Project("{FAE04EC0-301F-11D3-BF4B-00C04F79EFBC}") = "NaGL", "NativeWrappers\NaGL\NaGL.csproj", "{DBD0F498-06D6-4D51-89A4-0210E4C098E1}"
EndProject
Global
	GlobalSection(SolutionConfigurationPlatforms) = preSolution
		Debug|Any CPU = Debug|Any CPU
		Debug|x64 = Debug|x64
		Debug|x86 = Debug|x86
		Release|Any CPU = Release|Any CPU
		Release|x64 = Release|x64
		Release|x86 = Release|x86
	EndGlobalSection
	GlobalSection(ProjectConfigurationPlatforms) = postSolution
		{C113C0A4-990B-4DE6-863C-D2518DED3D13}.Debug|Any CPU.ActiveCfg = Debug|Any CPU
		{C113C0A4-990B-4DE6-863C-D2518DED3D13}.Debug|Any CPU.Build.0 = Debug|Any CPU
		{C113C0A4-990B-4DE6-863C-D2518DED3D13}.Debug|x64.ActiveCfg = Debug|Any CPU
		{C113C0A4-990B-4DE6-863C-D2518DED3D13}.Debug|x64.Build.0 = Debug|Any CPU
		{C113C0A4-990B-4DE6-863C-D2518DED3D13}.Debug|x86.ActiveCfg = Debug|Any CPU
		{C113C0A4-990B-4DE6-863C-D2518DED3D13}.Debug|x86.Build.0 = Debug|Any CPU
		{C113C0A4-990B-4DE6-863C-D2518DED3D13}.Release|Any CPU.ActiveCfg = Release|Any CPU
		{C113C0A4-990B-4DE6-863C-D2518DED3D13}.Release|Any CPU.Build.0 = Release|Any CPU
		{C113C0A4-990B-4DE6-863C-D2518DED3D13}.Release|x64.ActiveCfg = Release|Any CPU
		{C113C0A4-990B-4DE6-863C-D2518DED3D13}.Release|x64.Build.0 = Release|Any CPU
		{C113C0A4-990B-4DE6-863C-D2518DED3D13}.Release|x86.ActiveCfg = Release|Any CPU
		{C113C0A4-990B-4DE6-863C-D2518DED3D13}.Release|x86.Build.0 = Release|Any CPU
		{7AAA44D8-B107-4D92-9F06-614942D63BF1}.Debug|Any CPU.ActiveCfg = Debug|Any CPU
		{7AAA44D8-B107-4D92-9F06-614942D63BF1}.Debug|Any CPU.Build.0 = Debug|Any CPU
		{7AAA44D8-B107-4D92-9F06-614942D63BF1}.Debug|x64.ActiveCfg = Debug|Any CPU
		{7AAA44D8-B107-4D92-9F06-614942D63BF1}.Debug|x64.Build.0 = Debug|Any CPU
		{7AAA44D8-B107-4D92-9F06-614942D63BF1}.Debug|x86.ActiveCfg = Debug|Any CPU
		{7AAA44D8-B107-4D92-9F06-614942D63BF1}.Debug|x86.Build.0 = Debug|Any CPU
		{7AAA44D8-B107-4D92-9F06-614942D63BF1}.Release|Any CPU.ActiveCfg = Release|Any CPU
		{7AAA44D8-B107-4D92-9F06-614942D63BF1}.Release|Any CPU.Build.0 = Release|Any CPU
		{7AAA44D8-B107-4D92-9F06-614942D63BF1}.Release|x64.ActiveCfg = Release|Any CPU
		{7AAA44D8-B107-4D92-9F06-614942D63BF1}.Release|x64.Build.0 = Release|Any CPU
		{7AAA44D8-B107-4D92-9F06-614942D63BF1}.Release|x86.ActiveCfg = Release|Any CPU
		{7AAA44D8-B107-4D92-9F06-614942D63BF1}.Release|x86.Build.0 = Release|Any CPU
		{C0A9333F-EE94-4CFD-9633-CE2A631058B0}.Debug|Any CPU.ActiveCfg = Debug|Any CPU
		{C0A9333F-EE94-4CFD-9633-CE2A631058B0}.Debug|Any CPU.Build.0 = Debug|Any CPU
		{C0A9333F-EE94-4CFD-9633-CE2A631058B0}.Debug|x64.ActiveCfg = Debug|Any CPU
		{C0A9333F-EE94-4CFD-9633-CE2A631058B0}.Debug|x64.Build.0 = Debug|Any CPU
		{C0A9333F-EE94-4CFD-9633-CE2A631058B0}.Debug|x86.ActiveCfg = Debug|Any CPU
		{C0A9333F-EE94-4CFD-9633-CE2A631058B0}.Debug|x86.Build.0 = Debug|Any CPU
		{C0A9333F-EE94-4CFD-9633-CE2A631058B0}.Release|Any CPU.ActiveCfg = Release|Any CPU
		{C0A9333F-EE94-4CFD-9633-CE2A631058B0}.Release|Any CPU.Build.0 = Release|Any CPU
		{C0A9333F-EE94-4CFD-9633-CE2A631058B0}.Release|x64.ActiveCfg = Release|Any CPU
		{C0A9333F-EE94-4CFD-9633-CE2A631058B0}.Release|x64.Build.0 = Release|Any CPU
		{C0A9333F-EE94-4CFD-9633-CE2A631058B0}.Release|x86.ActiveCfg = Release|Any CPU
		{C0A9333F-EE94-4CFD-9633-CE2A631058B0}.Release|x86.Build.0 = Release|Any CPU
		{280D88D1-6E6F-49F1-BF69-497E5FEFA220}.Debug|Any CPU.ActiveCfg = Debug|Any CPU
		{280D88D1-6E6F-49F1-BF69-497E5FEFA220}.Debug|Any CPU.Build.0 = Debug|Any CPU
		{280D88D1-6E6F-49F1-BF69-497E5FEFA220}.Debug|x64.ActiveCfg = Debug|x64
		{280D88D1-6E6F-49F1-BF69-497E5FEFA220}.Debug|x64.Build.0 = Debug|x64
		{280D88D1-6E6F-49F1-BF69-497E5FEFA220}.Debug|x86.ActiveCfg = Debug|x86
		{280D88D1-6E6F-49F1-BF69-497E5FEFA220}.Debug|x86.Build.0 = Debug|x86
		{280D88D1-6E6F-49F1-BF69-497E5FEFA220}.Release|Any CPU.ActiveCfg = Release|Any CPU
		{280D88D1-6E6F-49F1-BF69-497E5FEFA220}.Release|Any CPU.Build.0 = Release|Any CPU
		{280D88D1-6E6F-49F1-BF69-497E5FEFA220}.Release|x64.ActiveCfg = Release|x64
		{280D88D1-6E6F-49F1-BF69-497E5FEFA220}.Release|x64.Build.0 = Release|x64
		{280D88D1-6E6F-49F1-BF69-497E5FEFA220}.Release|x86.ActiveCfg = Release|x86
		{280D88D1-6E6F-49F1-BF69-497E5FEFA220}.Release|x86.Build.0 = Release|x86
		{DB6FC625-F3D4-46C3-8E89-13B957009AAA}.Debug|Any CPU.ActiveCfg = Debug|Any CPU
		{DB6FC625-F3D4-46C3-8E89-13B957009AAA}.Debug|Any CPU.Build.0 = Debug|Any CPU
		{DB6FC625-F3D4-46C3-8E89-13B957009AAA}.Debug|x64.ActiveCfg = Debug|x64
		{DB6FC625-F3D4-46C3-8E89-13B957009AAA}.Debug|x64.Build.0 = Debug|x64
		{DB6FC625-F3D4-46C3-8E89-13B957009AAA}.Debug|x86.ActiveCfg = Debug|x86
		{DB6FC625-F3D4-46C3-8E89-13B957009AAA}.Debug|x86.Build.0 = Debug|x86
		{DB6FC625-F3D4-46C3-8E89-13B957009AAA}.Release|Any CPU.ActiveCfg = Release|Any CPU
		{DB6FC625-F3D4-46C3-8E89-13B957009AAA}.Release|Any CPU.Build.0 = Release|Any CPU
		{DB6FC625-F3D4-46C3-8E89-13B957009AAA}.Release|x64.ActiveCfg = Release|x64
		{DB6FC625-F3D4-46C3-8E89-13B957009AAA}.Release|x64.Build.0 = Release|x64
		{DB6FC625-F3D4-46C3-8E89-13B957009AAA}.Release|x86.ActiveCfg = Release|x86
		{DB6FC625-F3D4-46C3-8E89-13B957009AAA}.Release|x86.Build.0 = Release|x86
		{B08A0842-FEC7-4A0B-A09D-DDC7A1D11305}.Debug|Any CPU.ActiveCfg = Debug|Any CPU
		{B08A0842-FEC7-4A0B-A09D-DDC7A1D11305}.Debug|Any CPU.Build.0 = Debug|Any CPU
		{B08A0842-FEC7-4A0B-A09D-DDC7A1D11305}.Debug|x64.ActiveCfg = Debug|Any CPU
		{B08A0842-FEC7-4A0B-A09D-DDC7A1D11305}.Debug|x64.Build.0 = Debug|Any CPU
		{B08A0842-FEC7-4A0B-A09D-DDC7A1D11305}.Debug|x86.ActiveCfg = Debug|Any CPU
		{B08A0842-FEC7-4A0B-A09D-DDC7A1D11305}.Debug|x86.Build.0 = Debug|Any CPU
		{B08A0842-FEC7-4A0B-A09D-DDC7A1D11305}.Release|Any CPU.ActiveCfg = Release|Any CPU
		{B08A0842-FEC7-4A0B-A09D-DDC7A1D11305}.Release|Any CPU.Build.0 = Release|Any CPU
		{B08A0842-FEC7-4A0B-A09D-DDC7A1D11305}.Release|x64.ActiveCfg = Release|Any CPU
		{B08A0842-FEC7-4A0B-A09D-DDC7A1D11305}.Release|x64.Build.0 = Release|Any CPU
		{B08A0842-FEC7-4A0B-A09D-DDC7A1D11305}.Release|x86.ActiveCfg = Release|Any CPU
		{B08A0842-FEC7-4A0B-A09D-DDC7A1D11305}.Release|x86.Build.0 = Release|Any CPU
		{5F953552-2C86-403F-AE3D-BA7D2BC2C81A}.Debug|Any CPU.ActiveCfg = Debug|Any CPU
		{5F953552-2C86-403F-AE3D-BA7D2BC2C81A}.Debug|Any CPU.Build.0 = Debug|Any CPU
		{5F953552-2C86-403F-AE3D-BA7D2BC2C81A}.Debug|x64.ActiveCfg = Debug|Any CPU
		{5F953552-2C86-403F-AE3D-BA7D2BC2C81A}.Debug|x64.Build.0 = Debug|Any CPU
		{5F953552-2C86-403F-AE3D-BA7D2BC2C81A}.Debug|x86.ActiveCfg = Debug|Any CPU
		{5F953552-2C86-403F-AE3D-BA7D2BC2C81A}.Debug|x86.Build.0 = Debug|Any CPU
		{5F953552-2C86-403F-AE3D-BA7D2BC2C81A}.Release|Any CPU.ActiveCfg = Release|Any CPU
		{5F953552-2C86-403F-AE3D-BA7D2BC2C81A}.Release|Any CPU.Build.0 = Release|Any CPU
		{5F953552-2C86-403F-AE3D-BA7D2BC2C81A}.Release|x64.ActiveCfg = Release|Any CPU
		{5F953552-2C86-403F-AE3D-BA7D2BC2C81A}.Release|x64.Build.0 = Release|Any CPU
		{5F953552-2C86-403F-AE3D-BA7D2BC2C81A}.Release|x86.ActiveCfg = Release|Any CPU
		{5F953552-2C86-403F-AE3D-BA7D2BC2C81A}.Release|x86.Build.0 = Release|Any CPU
		{FCD58F40-266A-485E-A2C2-6108398DA395}.Debug|Any CPU.ActiveCfg = Debug|Any CPU
		{FCD58F40-266A-485E-A2C2-6108398DA395}.Debug|Any CPU.Build.0 = Debug|Any CPU
		{FCD58F40-266A-485E-A2C2-6108398DA395}.Debug|x64.ActiveCfg = Debug|Any CPU
		{FCD58F40-266A-485E-A2C2-6108398DA395}.Debug|x64.Build.0 = Debug|Any CPU
		{FCD58F40-266A-485E-A2C2-6108398DA395}.Debug|x86.ActiveCfg = Debug|Any CPU
		{FCD58F40-266A-485E-A2C2-6108398DA395}.Debug|x86.Build.0 = Debug|Any CPU
		{FCD58F40-266A-485E-A2C2-6108398DA395}.Release|Any CPU.ActiveCfg = Release|Any CPU
		{FCD58F40-266A-485E-A2C2-6108398DA395}.Release|Any CPU.Build.0 = Release|Any CPU
		{FCD58F40-266A-485E-A2C2-6108398DA395}.Release|x64.ActiveCfg = Release|Any CPU
		{FCD58F40-266A-485E-A2C2-6108398DA395}.Release|x64.Build.0 = Release|Any CPU
		{FCD58F40-266A-485E-A2C2-6108398DA395}.Release|x86.ActiveCfg = Release|Any CPU
		{FCD58F40-266A-485E-A2C2-6108398DA395}.Release|x86.Build.0 = Release|Any CPU
		{85480198-8711-4355-830E-72FD794AD3F6}.Debug|Any CPU.ActiveCfg = Debug|Any CPU
		{85480198-8711-4355-830E-72FD794AD3F6}.Debug|Any CPU.Build.0 = Debug|Any CPU
		{85480198-8711-4355-830E-72FD794AD3F6}.Debug|x64.ActiveCfg = Debug|x64
		{85480198-8711-4355-830E-72FD794AD3F6}.Debug|x64.Build.0 = Debug|x64
		{85480198-8711-4355-830E-72FD794AD3F6}.Debug|x86.ActiveCfg = Debug|x86
		{85480198-8711-4355-830E-72FD794AD3F6}.Debug|x86.Build.0 = Debug|x86
		{85480198-8711-4355-830E-72FD794AD3F6}.Release|Any CPU.ActiveCfg = Release|Any CPU
		{85480198-8711-4355-830E-72FD794AD3F6}.Release|Any CPU.Build.0 = Release|Any CPU
		{85480198-8711-4355-830E-72FD794AD3F6}.Release|x64.ActiveCfg = Release|x64
		{85480198-8711-4355-830E-72FD794AD3F6}.Release|x64.Build.0 = Release|x64
		{85480198-8711-4355-830E-72FD794AD3F6}.Release|x86.ActiveCfg = Release|x86
		{85480198-8711-4355-830E-72FD794AD3F6}.Release|x86.Build.0 = Release|x86
		{DBD0F498-06D6-4D51-89A4-0210E4C098E1}.Debug|Any CPU.ActiveCfg = Debug|Any CPU
		{DBD0F498-06D6-4D51-89A4-0210E4C098E1}.Debug|Any CPU.Build.0 = Debug|Any CPU
		{DBD0F498-06D6-4D51-89A4-0210E4C098E1}.Debug|x64.ActiveCfg = Debug|x64
		{DBD0F498-06D6-4D51-89A4-0210E4C098E1}.Debug|x64.Build.0 = Debug|x64
		{DBD0F498-06D6-4D51-89A4-0210E4C098E1}.Debug|x86.ActiveCfg = Debug|x86
		{DBD0F498-06D6-4D51-89A4-0210E4C098E1}.Debug|x86.Build.0 = Debug|x86
		{DBD0F498-06D6-4D51-89A4-0210E4C098E1}.Release|Any CPU.ActiveCfg = Release|Any CPU
		{DBD0F498-06D6-4D51-89A4-0210E4C098E1}.Release|Any CPU.Build.0 = Release|Any CPU
		{DBD0F498-06D6-4D51-89A4-0210E4C098E1}.Release|x64.ActiveCfg = Release|x64
		{DBD0F498-06D6-4D51-89A4-0210E4C098E1}.Release|x64.Build.0 = Release|x64
		{DBD0F498-06D6-4D51-89A4-0210E4C098E1}.Release|x86.ActiveCfg = Release|x86
		{DBD0F498-06D6-4D51-89A4-0210E4C098E1}.Release|x86.Build.0 = Release|x86
	EndGlobalSection
	GlobalSection(SolutionProperties) = preSolution
		HideSolutionNode = FALSE
	EndGlobalSection
	GlobalSection(NestedProjects) = preSolution
		{C113C0A4-990B-4DE6-863C-D2518DED3D13} = {00A0CAC8-968E-49E6-B40C-49F778335DF6}
		{7AAA44D8-B107-4D92-9F06-614942D63BF1} = {00A0CAC8-968E-49E6-B40C-49F778335DF6}
		{C0A9333F-EE94-4CFD-9633-CE2A631058B0} = {00A0CAC8-968E-49E6-B40C-49F778335DF6}
		{280D88D1-6E6F-49F1-BF69-497E5FEFA220} = {29FE41F2-1026-4079-B65D-D7107498B45C}
		{DB6FC625-F3D4-46C3-8E89-13B957009AAA} = {9BFEC584-E69A-49FA-B21A-BC15987492C2}
		{B08A0842-FEC7-4A0B-A09D-DDC7A1D11305} = {00A0CAC8-968E-49E6-B40C-49F778335DF6}
		{5F953552-2C86-403F-AE3D-BA7D2BC2C81A} = {00A0CAC8-968E-49E6-B40C-49F778335DF6}
		{FCD58F40-266A-485E-A2C2-6108398DA395} = {DDA5FBEB-8E6E-4B05-9C90-8B6468D8B89B}
		{85480198-8711-4355-830E-72FD794AD3F6} = {CBCD4AEE-102F-45AF-A682-5531F2B76F0E}
		{DBD0F498-06D6-4D51-89A4-0210E4C098E1} = {CBCD4AEE-102F-45AF-A682-5531F2B76F0E}
	EndGlobalSection
	GlobalSection(ExtensibilityGlobals) = postSolution
		SolutionGuid = {49C3A38A-D0A2-42AE-AFD8-4192D76826B7}
	EndGlobalSection
EndGlobal
